
Microsoft Visual Studio Solution File, Format Version 12.00
# Visual Studio Version 17
VisualStudioVersion = 17.13.35825.156 d17.13
MinimumVisualStudioVersion = 10.0.40219.1
Project("{FAE04EC0-301F-11D3-BF4B-00C04F79EFBC}") = "Final Project", "Final Project\Final Project.csproj", "{A0B41A18-4F55-4B83-8C1F-77BC6EBDFC3B}"
EndProject
Global
	GlobalSection(SolutionConfigurationPlatforms) = preSolution
		Debug|Any CPU = Debug|Any CPU
		Release|Any CPU = Release|Any CPU
	EndGlobalSection
	GlobalSection(ProjectConfigurationPlatforms) = postSolution
		{A0B41A18-4F55-4B83-8C1F-77BC6EBDFC3B}.Debug|Any CPU.ActiveCfg = Debug|Any CPU
		{A0B41A18-4F55-4B83-8C1F-77BC6EBDFC3B}.Debug|Any CPU.Build.0 = Debug|Any CPU
		{A0B41A18-4F55-4B83-8C1F-77BC6EBDFC3B}.Release|Any CPU.ActiveCfg = Release|Any CPU
		{A0B41A18-4F55-4B83-8C1F-77BC6EBDFC3B}.Release|Any CPU.Build.0 = Release|Any CPU
	EndGlobalSection
	GlobalSection(SolutionProperties) = preSolution
		HideSolutionNode = FALSE
	EndGlobalSection
	GlobalSection(ExtensibilityGlobals) = postSolution
		SolutionGuid = {B200A5E4-FC93-4B9B-BB4D-45FF782B247F}
	EndGlobalSection
EndGlobal
